
Microsoft Visual Studio Solution File, Format Version 12.00
# Visual Studio Version 16
VisualStudioVersion = 16.0.30011.22
MinimumVisualStudioVersion = 10.0.40219.1
Project("{FAE04EC0-301F-11D3-BF4B-00C04F79EFBC}") = "HashChain(lab3)", "HashChain(lab3)\HashChain(lab3).csproj", "{0BA87176-76BB-49AE-9DD5-2B355E87F50B}"
EndProject
Project("{FAE04EC0-301F-11D3-BF4B-00C04F79EFBC}") = "HashChainTests", "HashChainTests\HashChainTests.csproj", "{C5F3A176-27F4-4C19-A55E-9DCA2CAAEBB7}"
EndProject
Project("{FAE04EC0-301F-11D3-BF4B-00C04F79EFBC}") = "TimeTest", "TimeTest\TimeTest.csproj", "{F4426323-5A79-4A75-95D8-CE4C81197D87}"
EndProject
Global
	GlobalSection(SolutionConfigurationPlatforms) = preSolution
		Debug|Any CPU = Debug|Any CPU
		Release|Any CPU = Release|Any CPU
	EndGlobalSection
	GlobalSection(ProjectConfigurationPlatforms) = postSolution
		{0BA87176-76BB-49AE-9DD5-2B355E87F50B}.Debug|Any CPU.ActiveCfg = Debug|Any CPU
		{0BA87176-76BB-49AE-9DD5-2B355E87F50B}.Debug|Any CPU.Build.0 = Debug|Any CPU
		{0BA87176-76BB-49AE-9DD5-2B355E87F50B}.Release|Any CPU.ActiveCfg = Release|Any CPU
		{0BA87176-76BB-49AE-9DD5-2B355E87F50B}.Release|Any CPU.Build.0 = Release|Any CPU
		{C5F3A176-27F4-4C19-A55E-9DCA2CAAEBB7}.Debug|Any CPU.ActiveCfg = Debug|Any CPU
		{C5F3A176-27F4-4C19-A55E-9DCA2CAAEBB7}.Debug|Any CPU.Build.0 = Debug|Any CPU
		{C5F3A176-27F4-4C19-A55E-9DCA2CAAEBB7}.Release|Any CPU.ActiveCfg = Release|Any CPU
		{C5F3A176-27F4-4C19-A55E-9DCA2CAAEBB7}.Release|Any CPU.Build.0 = Release|Any CPU
		{F4426323-5A79-4A75-95D8-CE4C81197D87}.Debug|Any CPU.ActiveCfg = Debug|Any CPU
		{F4426323-5A79-4A75-95D8-CE4C81197D87}.Debug|Any CPU.Build.0 = Debug|Any CPU
		{F4426323-5A79-4A75-95D8-CE4C81197D87}.Release|Any CPU.ActiveCfg = Release|Any CPU
		{F4426323-5A79-4A75-95D8-CE4C81197D87}.Release|Any CPU.Build.0 = Release|Any CPU
	EndGlobalSection
	GlobalSection(SolutionProperties) = preSolution
		HideSolutionNode = FALSE
	EndGlobalSection
	GlobalSection(ExtensibilityGlobals) = postSolution
		SolutionGuid = {A49F25A8-F39D-4639-A9AB-3D8941E9715C}
	EndGlobalSection
EndGlobal
